
Microsoft Visual Studio Solution File, Format Version 12.00
# Visual Studio Version 16
VisualStudioVersion = 16.0.31112.23
MinimumVisualStudioVersion = 10.0.40219.1
Project("{FAE04EC0-301F-11D3-BF4B-00C04F79EFBC}") = "Chefsito2.0", "Chefsito2.0.csproj", "{9335BEFC-44B5-4054-A699-DD9709DEDCCB}"
EndProject
Global
	GlobalSection(SolutionConfigurationPlatforms) = preSolution
		Debug|Any CPU = Debug|Any CPU
		Release|Any CPU = Release|Any CPU
	EndGlobalSection
	GlobalSection(ProjectConfigurationPlatforms) = postSolution
		{9335BEFC-44B5-4054-A699-DD9709DEDCCB}.Debug|Any CPU.ActiveCfg = Debug|Any CPU
		{9335BEFC-44B5-4054-A699-DD9709DEDCCB}.Debug|Any CPU.Build.0 = Debug|Any CPU
		{9335BEFC-44B5-4054-A699-DD9709DEDCCB}.Release|Any CPU.ActiveCfg = Release|Any CPU
		{9335BEFC-44B5-4054-A699-DD9709DEDCCB}.Release|Any CPU.Build.0 = Release|Any CPU
	EndGlobalSection
	GlobalSection(SolutionProperties) = preSolution
		HideSolutionNode = FALSE
	EndGlobalSection
	GlobalSection(ExtensibilityGlobals) = postSolution
		SolutionGuid = {06DB3C13-4BDE-427D-9B41-355590083E05}
	EndGlobalSection
EndGlobal
