
Microsoft Visual Studio Solution File, Format Version 12.00
# Visual Studio Version 16
VisualStudioVersion = 16.0.31112.23
MinimumVisualStudioVersion = 10.0.40219.1
Project("{FAE04EC0-301F-11D3-BF4B-00C04F79EFBC}") = "CrudNetCore5", "CrudNetCore5.csproj", "{ED349F02-6D2A-478E-8CD2-E90AD387624C}"
EndProject
Global
	GlobalSection(SolutionConfigurationPlatforms) = preSolution
		Debug|Any CPU = Debug|Any CPU
		Release|Any CPU = Release|Any CPU
	EndGlobalSection
	GlobalSection(ProjectConfigurationPlatforms) = postSolution
		{ED349F02-6D2A-478E-8CD2-E90AD387624C}.Debug|Any CPU.ActiveCfg = Debug|Any CPU
		{ED349F02-6D2A-478E-8CD2-E90AD387624C}.Debug|Any CPU.Build.0 = Debug|Any CPU
		{ED349F02-6D2A-478E-8CD2-E90AD387624C}.Release|Any CPU.ActiveCfg = Release|Any CPU
		{ED349F02-6D2A-478E-8CD2-E90AD387624C}.Release|Any CPU.Build.0 = Release|Any CPU
	EndGlobalSection
	GlobalSection(SolutionProperties) = preSolution
		HideSolutionNode = FALSE
	EndGlobalSection
	GlobalSection(ExtensibilityGlobals) = postSolution
		SolutionGuid = {229E628D-5B56-4FCF-AA6B-E4439DAD9FB7}
	EndGlobalSection
EndGlobal
